# THIS IS AN AUTOGENERATED FILE. DO NOT EDIT THIS FILE DIRECTLY.
# yarn lockfile v1


react-icons@^5.0.1:
  version "5.0.1"
  resolved "https://registry.yarnpkg.com/react-icons/-/react-icons-5.0.1.tgz#1694e11bfa2a2888cab47dcc30154ce90485feee"
  integrity sha512-WqLZJ4bLzlhmsvme6iFdgO8gfZP17rfjYEJ2m9RsZjZ+cc4k1hTzknEz63YS1MeT50kVzoa1Nz36f4BEx+Wigw==

use-sync-external-store@1.2.0:
  version "1.2.0"
  resolved "https://registry.yarnpkg.com/use-sync-external-store/-/use-sync-external-store-1.2.0.tgz#7dbefd6ef3fe4e767a0cf5d7287aacfb5846928a"
  integrity sha512-eEgnFxGQ1Ife9bzYs6VLi8/4X6CObHMw9Qr9tPY43iKwsPw8xE8+EFsf/2cFZ5S3esXgpWgtSCtLNS41F+sKPA==

zustand@^4.5.1:
  version "4.5.1"
  resolved "https://registry.yarnpkg.com/zustand/-/zustand-4.5.1.tgz#2088956ee454759fb8b866ca335a2373e76736c5"
  integrity sha512-XlauQmH64xXSC1qGYNv00ODaQ3B+tNPoy22jv2diYiP4eoDKr9LA+Bh5Bc3gplTrFdb6JVI+N4kc1DZ/tbtfPg==
  dependencies:
    use-sync-external-store "1.2.0"
